
Microsoft Visual Studio Solution File, Format Version 12.00
# Visual Studio 15
VisualStudioVersion = 15.0.27428.2015
MinimumVisualStudioVersion = 10.0.40219.1
Project("{159641D6-6404-4A2A-AE62-294DE0FE8301}") = "CCLoad", "CCLoad\CCLoad.dtproj", "{22330D71-D7E8-4D2F-B42E-A0D4AED8F13D}"
EndProject
Project("{159641D6-6404-4A2A-AE62-294DE0FE8301}") = "LoadHVR", "SafetyNetLoad\LoadHVR.dtproj", "{8DEAA0FC-6DE8-46D0-AAFB-866A234DF2A2}"
EndProject
Project("{159641D6-6404-4A2A-AE62-294DE0FE8301}") = "SetsIVRLoad", "SetsIVRLoad\SetsIVRLoad.dtproj", "{AB2260D1-DE52-486E-B6F0-3D81027282B1}"
EndProject
Global
	GlobalSection(SolutionConfigurationPlatforms) = preSolution
		Development|Default = Development|Default
	EndGlobalSection
	GlobalSection(ProjectConfigurationPlatforms) = postSolution
		{22330D71-D7E8-4D2F-B42E-A0D4AED8F13D}.Development|Default.ActiveCfg = Development
		{22330D71-D7E8-4D2F-B42E-A0D4AED8F13D}.Development|Default.Build.0 = Development
		{8DEAA0FC-6DE8-46D0-AAFB-866A234DF2A2}.Development|Default.ActiveCfg = Development
		{8DEAA0FC-6DE8-46D0-AAFB-866A234DF2A2}.Development|Default.Build.0 = Development
		{AB2260D1-DE52-486E-B6F0-3D81027282B1}.Development|Default.ActiveCfg = Development
		{AB2260D1-DE52-486E-B6F0-3D81027282B1}.Development|Default.Build.0 = Development
	EndGlobalSection
	GlobalSection(SolutionProperties) = preSolution
		HideSolutionNode = FALSE
	EndGlobalSection
	GlobalSection(ExtensibilityGlobals) = postSolution
		SolutionGuid = {C4965CE0-7DB1-46D9-A5F4-6E9B068619A6}
	EndGlobalSection
EndGlobal
