
Microsoft Visual Studio Solution File, Format Version 12.00
# Visual Studio 15
VisualStudioVersion = 15.0.28010.2026
MinimumVisualStudioVersion = 10.0.40219.1
Project("{2150E333-8FDC-42A3-9474-1A3956D46DE8}") = "Scripts", "Scripts", "{8B75FE57-9691-44FC-9AE4-E42EB7161071}"
	ProjectSection(SolutionItems) = preProject
		Scripts\DIPT_CFS_SACWIS.sql = Scripts\DIPT_CFS_SACWIS.sql
		Scripts\HHS_Staging.CRISE.Benefits.sql = Scripts\HHS_Staging.CRISE.Benefits.sql
		Scripts\HHS_Staging_CFS_SACWIS.sql = Scripts\HHS_Staging_CFS_SACWIS.sql
		Scripts\HHS_Staging_ToProperCase.sql = Scripts\HHS_Staging_ToProperCase.sql
		Scripts\SampleQueries.txt = Scripts\SampleQueries.txt
		Scripts\SetXTRCRMUploadStatus.sql = Scripts\SetXTRCRMUploadStatus.sql
	EndProjectSection
EndProject
Project("{2150E333-8FDC-42A3-9474-1A3956D46DE8}") = "Documents", "Documents", "{ACBA2858-B0AD-489E-858E-224725C0F63B}"
	ProjectSection(SolutionItems) = preProject
		Documents\CC InforCRM QS Blueprint v4.docx = Documents\CC InforCRM QS Blueprint v4.docx
		Documents\CRM-Extract_Template.csv = Documents\CRM-Extract_Template.csv
		Documents\Design Notes.txt = Documents\Design Notes.txt
		Documents\Documentation.txt = Documents\Documentation.txt
		Documents\Examples.txt = Documents\Examples.txt
		Documents\HHS Contacts ImportTemplate Final - TAI.xlsx = Documents\HHS Contacts ImportTemplate Final - TAI.xlsx
		Documents\HHS_Contacts_CSV Import Template Preliminary.xls = Documents\HHS_Contacts_CSV Import Template Preliminary.xls
		Documents\Issues.txt = Documents\Issues.txt
		Documents\Release Notes.txt = Documents\Release Notes.txt
	EndProjectSection
EndProject
Project("{159641D6-6404-4A2A-AE62-294DE0FE8301}") = "ExtractHHSCommonData", "ExtractHHSCommonData\ExtractHHSCommonData.dtproj", "{1A58116F-CA2C-4C9F-888E-5FA4E8F4E1AB}"
EndProject
Project("{159641D6-6404-4A2A-AE62-294DE0FE8301}") = "LoadHHSMasterData", "LoadHHSMasterData\LoadHHSMasterData.dtproj", "{DD94024D-87AD-493B-8F56-6051E04C22F8}"
EndProject
Global
	GlobalSection(SolutionConfigurationPlatforms) = preSolution
		Development|Default = Development|Default
	EndGlobalSection
	GlobalSection(ProjectConfigurationPlatforms) = postSolution
		{1A58116F-CA2C-4C9F-888E-5FA4E8F4E1AB}.Development|Default.ActiveCfg = Development
		{1A58116F-CA2C-4C9F-888E-5FA4E8F4E1AB}.Development|Default.Build.0 = Development
		{DD94024D-87AD-493B-8F56-6051E04C22F8}.Development|Default.ActiveCfg = Development
		{DD94024D-87AD-493B-8F56-6051E04C22F8}.Development|Default.Build.0 = Development
	EndGlobalSection
	GlobalSection(SolutionProperties) = preSolution
		HideSolutionNode = FALSE
	EndGlobalSection
	GlobalSection(ExtensibilityGlobals) = postSolution
		SolutionGuid = {B6475DA2-34A8-4CC8-9F99-83E550744B57}
	EndGlobalSection
EndGlobal
