
Microsoft Visual Studio Solution File, Format Version 12.00
# Visual Studio 15
VisualStudioVersion = 15.0.27428.2015
MinimumVisualStudioVersion = 10.0.40219.1
Project("{159641D6-6404-4A2A-AE62-294DE0FE8301}") = "CareMatch", "CareMatch\CareMatch.dtproj", "{D0C9915B-569D-406E-842D-29C837EDEF38}"
EndProject
Global
	GlobalSection(SolutionConfigurationPlatforms) = preSolution
		Development|Default = Development|Default
	EndGlobalSection
	GlobalSection(ProjectConfigurationPlatforms) = postSolution
		{D0C9915B-569D-406E-842D-29C837EDEF38}.Development|Default.ActiveCfg = Development
		{D0C9915B-569D-406E-842D-29C837EDEF38}.Development|Default.Build.0 = Development
	EndGlobalSection
	GlobalSection(SolutionProperties) = preSolution
		HideSolutionNode = FALSE
	EndGlobalSection
	GlobalSection(ExtensibilityGlobals) = postSolution
		SolutionGuid = {81C1E161-5834-4103-A5CF-5D2DA727D2CC}
	EndGlobalSection
EndGlobal
