
Microsoft Visual Studio Solution File, Format Version 12.00
# Visual Studio Version 16
VisualStudioVersion = 16.0.29306.81
MinimumVisualStudioVersion = 10.0.40219.1
Project("{2150E333-8FDC-42A3-9474-1A3956D46DE8}") = "Documentation", "Documentation", "{9C1A3B3C-E5ED-4548-B884-E2ABD17CE87E}"
	ProjectSection(SolutionItems) = preProject
		Documentation\DesignNotes.txt = Documentation\DesignNotes.txt
		Documentation\FileDefinitions.xlsx = Documentation\FileDefinitions.xlsx
		Documentation\FinancialAuditInquiry.jpg = Documentation\FinancialAuditInquiry.jpg
		Documentation\OFIN.CPY = Documentation\OFIN.CPY
		Documentation\WIP_ParseLogEntryType.txt = Documentation\WIP_ParseLogEntryType.txt
	EndProjectSection
EndProject
Project("{00D1A9C2-B5F0-4AF3-8072-F6C62B433612}") = "DB_OCSSArchive", "DB_OCSSArchive\DB_OCSSArchive.sqlproj", "{53D93373-75C2-4A3A-AABA-5F1A3134E4F9}"
EndProject
Project("{9A19103F-16F7-4668-BE54-9A1E7A4F7556}") = "Prepare_CaseNotes", "Prepare_CaseNotes\Prepare_CaseNotes.csproj", "{CC257F9A-3F8D-4BCE-A682-8FC7DCDBA65A}"
EndProject
Project("{9A19103F-16F7-4668-BE54-9A1E7A4F7556}") = "Prepare_FinancialNotes", "Prepare_FinancialNotes\Prepare_FinancialNotes.csproj", "{B2B3AE27-E042-4AFE-A568-8C10CB90870E}"
EndProject
Project("{9A19103F-16F7-4668-BE54-9A1E7A4F7556}") = "Prepare_WIPS", "Prepare_WIPS\Prepare_WIPS.csproj", "{CC16442E-D51B-42BF-AE21-038D457DE7D5}"
EndProject
Project("{FAE04EC0-301F-11D3-BF4B-00C04F79EFBC}") = "Prepare_OMIS", "Prepare_OMIS\Prepare_OMIS.csproj", "{888E6C72-59DE-43D0-9C84-8769A45A217C}"
EndProject
Global
	GlobalSection(SolutionConfigurationPlatforms) = preSolution
		Debug|Any CPU = Debug|Any CPU
		Development|Any CPU = Development|Any CPU
		Release|Any CPU = Release|Any CPU
	EndGlobalSection
	GlobalSection(ProjectConfigurationPlatforms) = postSolution
		{53D93373-75C2-4A3A-AABA-5F1A3134E4F9}.Debug|Any CPU.ActiveCfg = Debug|Any CPU
		{53D93373-75C2-4A3A-AABA-5F1A3134E4F9}.Debug|Any CPU.Build.0 = Debug|Any CPU
		{53D93373-75C2-4A3A-AABA-5F1A3134E4F9}.Debug|Any CPU.Deploy.0 = Debug|Any CPU
		{53D93373-75C2-4A3A-AABA-5F1A3134E4F9}.Development|Any CPU.ActiveCfg = Debug|Any CPU
		{53D93373-75C2-4A3A-AABA-5F1A3134E4F9}.Development|Any CPU.Build.0 = Debug|Any CPU
		{53D93373-75C2-4A3A-AABA-5F1A3134E4F9}.Development|Any CPU.Deploy.0 = Debug|Any CPU
		{53D93373-75C2-4A3A-AABA-5F1A3134E4F9}.Release|Any CPU.ActiveCfg = Release|Any CPU
		{53D93373-75C2-4A3A-AABA-5F1A3134E4F9}.Release|Any CPU.Build.0 = Release|Any CPU
		{53D93373-75C2-4A3A-AABA-5F1A3134E4F9}.Release|Any CPU.Deploy.0 = Release|Any CPU
		{CC257F9A-3F8D-4BCE-A682-8FC7DCDBA65A}.Debug|Any CPU.ActiveCfg = Debug|Any CPU
		{CC257F9A-3F8D-4BCE-A682-8FC7DCDBA65A}.Debug|Any CPU.Build.0 = Debug|Any CPU
		{CC257F9A-3F8D-4BCE-A682-8FC7DCDBA65A}.Development|Any CPU.ActiveCfg = Debug|Any CPU
		{CC257F9A-3F8D-4BCE-A682-8FC7DCDBA65A}.Development|Any CPU.Build.0 = Debug|Any CPU
		{CC257F9A-3F8D-4BCE-A682-8FC7DCDBA65A}.Release|Any CPU.ActiveCfg = Release|Any CPU
		{CC257F9A-3F8D-4BCE-A682-8FC7DCDBA65A}.Release|Any CPU.Build.0 = Release|Any CPU
		{B2B3AE27-E042-4AFE-A568-8C10CB90870E}.Debug|Any CPU.ActiveCfg = Debug|Any CPU
		{B2B3AE27-E042-4AFE-A568-8C10CB90870E}.Debug|Any CPU.Build.0 = Debug|Any CPU
		{B2B3AE27-E042-4AFE-A568-8C10CB90870E}.Development|Any CPU.ActiveCfg = Debug|Any CPU
		{B2B3AE27-E042-4AFE-A568-8C10CB90870E}.Development|Any CPU.Build.0 = Debug|Any CPU
		{B2B3AE27-E042-4AFE-A568-8C10CB90870E}.Release|Any CPU.ActiveCfg = Release|Any CPU
		{B2B3AE27-E042-4AFE-A568-8C10CB90870E}.Release|Any CPU.Build.0 = Release|Any CPU
		{CC16442E-D51B-42BF-AE21-038D457DE7D5}.Debug|Any CPU.ActiveCfg = Debug|Any CPU
		{CC16442E-D51B-42BF-AE21-038D457DE7D5}.Debug|Any CPU.Build.0 = Debug|Any CPU
		{CC16442E-D51B-42BF-AE21-038D457DE7D5}.Development|Any CPU.ActiveCfg = Debug|Any CPU
		{CC16442E-D51B-42BF-AE21-038D457DE7D5}.Development|Any CPU.Build.0 = Debug|Any CPU
		{CC16442E-D51B-42BF-AE21-038D457DE7D5}.Release|Any CPU.ActiveCfg = Release|Any CPU
		{CC16442E-D51B-42BF-AE21-038D457DE7D5}.Release|Any CPU.Build.0 = Release|Any CPU
		{888E6C72-59DE-43D0-9C84-8769A45A217C}.Debug|Any CPU.ActiveCfg = Debug|Any CPU
		{888E6C72-59DE-43D0-9C84-8769A45A217C}.Debug|Any CPU.Build.0 = Debug|Any CPU
		{888E6C72-59DE-43D0-9C84-8769A45A217C}.Development|Any CPU.ActiveCfg = Debug|Any CPU
		{888E6C72-59DE-43D0-9C84-8769A45A217C}.Development|Any CPU.Build.0 = Debug|Any CPU
		{888E6C72-59DE-43D0-9C84-8769A45A217C}.Release|Any CPU.ActiveCfg = Release|Any CPU
		{888E6C72-59DE-43D0-9C84-8769A45A217C}.Release|Any CPU.Build.0 = Release|Any CPU
	EndGlobalSection
	GlobalSection(SolutionProperties) = preSolution
		HideSolutionNode = FALSE
	EndGlobalSection
	GlobalSection(ExtensibilityGlobals) = postSolution
		SolutionGuid = {F20D1168-2B8C-4B6F-A120-2DD53975C601}
	EndGlobalSection
EndGlobal
