
Microsoft Visual Studio Solution File, Format Version 12.00
# Visual Studio 15
VisualStudioVersion = 15.0.28307.572
MinimumVisualStudioVersion = 10.0.40219.1
Project("{2150E333-8FDC-42A3-9474-1A3956D46DE8}") = "_Auxiliary", "_Auxiliary", "{220E5B58-887E-4FB9-A7EA-020BBA5603C7}"
	ProjectSection(SolutionItems) = preProject
		_Auxiliary\SForce.wsdl = _Auxiliary\SForce.wsdl
	EndProjectSection
EndProject
Project("{2150E333-8FDC-42A3-9474-1A3956D46DE8}") = "_Documents", "_Documents", "{FC926C31-042D-4370-BF81-8E9144BA552E}"
	ProjectSection(SolutionItems) = preProject
		_Documents\APS Data Dictionary_data from ODAPS to Peer Place rev092518.xlsx = _Documents\APS Data Dictionary_data from ODAPS to Peer Place rev092518.xlsx
		_Documents\Contact_Full.txt = _Documents\Contact_Full.txt
		_Documents\Doc_Account.txt = _Documents\Doc_Account.txt
		_Documents\Doc_Case.txt = _Documents\Doc_Case.txt
		_Documents\Doc_CaseNotes.txt = _Documents\Doc_CaseNotes.txt
		_Documents\Doc_Contact.txt = _Documents\Doc_Contact.txt
		_Documents\Doc_User.txt = _Documents\Doc_User.txt
		_Documents\Notes.txt = _Documents\Notes.txt
		_Documents\ObjectsAndFields.xlsx = _Documents\ObjectsAndFields.xlsx
		_Documents\ODAPS_Objects.txt = _Documents\ODAPS_Objects.txt
		_Documents\SF_Contact_Full.txt = _Documents\SF_Contact_Full.txt
	EndProjectSection
EndProject
Project("{FAE04EC0-301F-11D3-BF4B-00C04F79EFBC}") = "ProbeODAPS", "ProbeODAPS\ProbeODAPS.csproj", "{7A9289ED-3B62-4201-BE77-1492627A6E8F}"
EndProject
Project("{00D1A9C2-B5F0-4AF3-8072-F6C62B433612}") = "ODAPS_DB", "ODAPS_DB\ODAPS_DB.sqlproj", "{B6A3A4CF-A761-49E7-A807-6EE8E6E426B5}"
EndProject
Project("{159641D6-6404-4A2A-AE62-294DE0FE8301}") = "ODAPS_ETL", "ODAPS_ETL\ODAPS_ETL.dtproj", "{46E67C89-986F-449B-A5E0-FB2F2EAFEE07}"
EndProject
Project("{2150E333-8FDC-42A3-9474-1A3956D46DE8}") = "_SolutionItems", "_SolutionItems", "{743905DF-E3EF-4C49-8AB2-57C702D03F04}"
	ProjectSection(SolutionItems) = preProject
		_SolutionItems\ProbeODAPS.bat = _SolutionItems\ProbeODAPS.bat
	EndProjectSection
EndProject
Global
	GlobalSection(SolutionConfigurationPlatforms) = preSolution
		Debug|Any CPU = Debug|Any CPU
		Development|Any CPU = Development|Any CPU
		Staging|Any CPU = Staging|Any CPU
	EndGlobalSection
	GlobalSection(ProjectConfigurationPlatforms) = postSolution
		{7A9289ED-3B62-4201-BE77-1492627A6E8F}.Debug|Any CPU.ActiveCfg = Debug|Any CPU
		{7A9289ED-3B62-4201-BE77-1492627A6E8F}.Debug|Any CPU.Build.0 = Debug|Any CPU
		{7A9289ED-3B62-4201-BE77-1492627A6E8F}.Development|Any CPU.ActiveCfg = Debug|Any CPU
		{7A9289ED-3B62-4201-BE77-1492627A6E8F}.Development|Any CPU.Build.0 = Debug|Any CPU
		{7A9289ED-3B62-4201-BE77-1492627A6E8F}.Staging|Any CPU.ActiveCfg = Staging|Any CPU
		{7A9289ED-3B62-4201-BE77-1492627A6E8F}.Staging|Any CPU.Build.0 = Staging|Any CPU
		{B6A3A4CF-A761-49E7-A807-6EE8E6E426B5}.Debug|Any CPU.ActiveCfg = Debug|Any CPU
		{B6A3A4CF-A761-49E7-A807-6EE8E6E426B5}.Debug|Any CPU.Build.0 = Debug|Any CPU
		{B6A3A4CF-A761-49E7-A807-6EE8E6E426B5}.Debug|Any CPU.Deploy.0 = Debug|Any CPU
		{B6A3A4CF-A761-49E7-A807-6EE8E6E426B5}.Development|Any CPU.ActiveCfg = Debug|Any CPU
		{B6A3A4CF-A761-49E7-A807-6EE8E6E426B5}.Development|Any CPU.Build.0 = Debug|Any CPU
		{B6A3A4CF-A761-49E7-A807-6EE8E6E426B5}.Development|Any CPU.Deploy.0 = Debug|Any CPU
		{B6A3A4CF-A761-49E7-A807-6EE8E6E426B5}.Staging|Any CPU.ActiveCfg = Staging|Any CPU
		{B6A3A4CF-A761-49E7-A807-6EE8E6E426B5}.Staging|Any CPU.Build.0 = Staging|Any CPU
		{B6A3A4CF-A761-49E7-A807-6EE8E6E426B5}.Staging|Any CPU.Deploy.0 = Staging|Any CPU
		{46E67C89-986F-449B-A5E0-FB2F2EAFEE07}.Debug|Any CPU.ActiveCfg = Development
		{46E67C89-986F-449B-A5E0-FB2F2EAFEE07}.Debug|Any CPU.Build.0 = Development
		{46E67C89-986F-449B-A5E0-FB2F2EAFEE07}.Development|Any CPU.ActiveCfg = Development
		{46E67C89-986F-449B-A5E0-FB2F2EAFEE07}.Development|Any CPU.Build.0 = Development
		{46E67C89-986F-449B-A5E0-FB2F2EAFEE07}.Staging|Any CPU.ActiveCfg = Staging
		{46E67C89-986F-449B-A5E0-FB2F2EAFEE07}.Staging|Any CPU.Build.0 = Staging
	EndGlobalSection
	GlobalSection(SolutionProperties) = preSolution
		HideSolutionNode = FALSE
	EndGlobalSection
	GlobalSection(ExtensibilityGlobals) = postSolution
		SolutionGuid = {645CE240-F94D-412C-93D0-29497CF5E415}
	EndGlobalSection
EndGlobal
